
Microsoft Visual Studio Solution File, Format Version 12.00
# Visual Studio Version 16
VisualStudioVersion = 16.6.30114.105
MinimumVisualStudioVersion = 10.0.40219.1
Project("{9A19103F-16F7-4668-BE54-9A1E7A4F7556}") = "R5T.D0075.Construction", "R5T.D0075.Construction\R5T.D0075.Construction.csproj", "{45851A4F-B80F-4E34-BDC5-839831300657}"
EndProject
Project("{FAE04EC0-301F-11D3-BF4B-00C04F79EFBC}") = "R5T.D0075.Base", "R5T.D0075.Base\R5T.D0075.Base.csproj", "{312CABFC-3BAB-4033-A747-F06656F2AE2C}"
EndProject
Project("{FAE04EC0-301F-11D3-BF4B-00C04F79EFBC}") = "R5T.D0075.Default", "R5T.D0075.Default\R5T.D0075.Default.csproj", "{AC94B59B-20BF-4D14-A779-C6253E8861E7}"
EndProject
Project("{2150E333-8FDC-42A3-9474-1A3956D46DE8}") = "_Dependencies", "_Dependencies", "{16E96995-6E46-497D-9DFF-AE169D1612C9}"
EndProject
Project("{9A19103F-16F7-4668-BE54-9A1E7A4F7556}") = "R5T.Dacia", "..\..\R5T.Dacia\source\R5T.Dacia\R5T.Dacia.csproj", "{AA7A6579-6CCC-4D3A-A14C-836BA3053172}"
EndProject
Project("{9A19103F-16F7-4668-BE54-9A1E7A4F7556}") = "R5T.Dacia.Extensions", "..\..\R5T.Dacia.Extensions\source\R5T.Dacia.Extensions\R5T.Dacia.Extensions.csproj", "{63961B78-0FAB-4915-8A1C-E0B720EBB85D}"
EndProject
Project("{9A19103F-16F7-4668-BE54-9A1E7A4F7556}") = "R5T.T0030", "..\..\R5T.T0030\source\R5T.T0030\R5T.T0030.csproj", "{5A57AEA3-FD3A-463B-B9D4-1676C4B86DDB}"
EndProject
Global
	GlobalSection(SolutionConfigurationPlatforms) = preSolution
		Debug|Any CPU = Debug|Any CPU
		Debug|x64 = Debug|x64
		Debug|x86 = Debug|x86
		Release|Any CPU = Release|Any CPU
		Release|x64 = Release|x64
		Release|x86 = Release|x86
	EndGlobalSection
	GlobalSection(ProjectConfigurationPlatforms) = postSolution
		{45851A4F-B80F-4E34-BDC5-839831300657}.Debug|Any CPU.ActiveCfg = Debug|Any CPU
		{45851A4F-B80F-4E34-BDC5-839831300657}.Debug|Any CPU.Build.0 = Debug|Any CPU
		{45851A4F-B80F-4E34-BDC5-839831300657}.Debug|x64.ActiveCfg = Debug|Any CPU
		{45851A4F-B80F-4E34-BDC5-839831300657}.Debug|x64.Build.0 = Debug|Any CPU
		{45851A4F-B80F-4E34-BDC5-839831300657}.Debug|x86.ActiveCfg = Debug|Any CPU
		{45851A4F-B80F-4E34-BDC5-839831300657}.Debug|x86.Build.0 = Debug|Any CPU
		{45851A4F-B80F-4E34-BDC5-839831300657}.Release|Any CPU.ActiveCfg = Release|Any CPU
		{45851A4F-B80F-4E34-BDC5-839831300657}.Release|Any CPU.Build.0 = Release|Any CPU
		{45851A4F-B80F-4E34-BDC5-839831300657}.Release|x64.ActiveCfg = Release|Any CPU
		{45851A4F-B80F-4E34-BDC5-839831300657}.Release|x64.Build.0 = Release|Any CPU
		{45851A4F-B80F-4E34-BDC5-839831300657}.Release|x86.ActiveCfg = Release|Any CPU
		{45851A4F-B80F-4E34-BDC5-839831300657}.Release|x86.Build.0 = Release|Any CPU
		{312CABFC-3BAB-4033-A747-F06656F2AE2C}.Debug|Any CPU.ActiveCfg = Debug|Any CPU
		{312CABFC-3BAB-4033-A747-F06656F2AE2C}.Debug|Any CPU.Build.0 = Debug|Any CPU
		{312CABFC-3BAB-4033-A747-F06656F2AE2C}.Debug|x64.ActiveCfg = Debug|Any CPU
		{312CABFC-3BAB-4033-A747-F06656F2AE2C}.Debug|x64.Build.0 = Debug|Any CPU
		{312CABFC-3BAB-4033-A747-F06656F2AE2C}.Debug|x86.ActiveCfg = Debug|Any CPU
		{312CABFC-3BAB-4033-A747-F06656F2AE2C}.Debug|x86.Build.0 = Debug|Any CPU
		{312CABFC-3BAB-4033-A747-F06656F2AE2C}.Release|Any CPU.ActiveCfg = Release|Any CPU
		{312CABFC-3BAB-4033-A747-F06656F2AE2C}.Release|Any CPU.Build.0 = Release|Any CPU
		{312CABFC-3BAB-4033-A747-F06656F2AE2C}.Release|x64.ActiveCfg = Release|Any CPU
		{312CABFC-3BAB-4033-A747-F06656F2AE2C}.Release|x64.Build.0 = Release|Any CPU
		{312CABFC-3BAB-4033-A747-F06656F2AE2C}.Release|x86.ActiveCfg = Release|Any CPU
		{312CABFC-3BAB-4033-A747-F06656F2AE2C}.Release|x86.Build.0 = Release|Any CPU
		{AC94B59B-20BF-4D14-A779-C6253E8861E7}.Debug|Any CPU.ActiveCfg = Debug|Any CPU
		{AC94B59B-20BF-4D14-A779-C6253E8861E7}.Debug|Any CPU.Build.0 = Debug|Any CPU
		{AC94B59B-20BF-4D14-A779-C6253E8861E7}.Debug|x64.ActiveCfg = Debug|Any CPU
		{AC94B59B-20BF-4D14-A779-C6253E8861E7}.Debug|x64.Build.0 = Debug|Any CPU
		{AC94B59B-20BF-4D14-A779-C6253E8861E7}.Debug|x86.ActiveCfg = Debug|Any CPU
		{AC94B59B-20BF-4D14-A779-C6253E8861E7}.Debug|x86.Build.0 = Debug|Any CPU
		{AC94B59B-20BF-4D14-A779-C6253E8861E7}.Release|Any CPU.ActiveCfg = Release|Any CPU
		{AC94B59B-20BF-4D14-A779-C6253E8861E7}.Release|Any CPU.Build.0 = Release|Any CPU
		{AC94B59B-20BF-4D14-A779-C6253E8861E7}.Release|x64.ActiveCfg = Release|Any CPU
		{AC94B59B-20BF-4D14-A779-C6253E8861E7}.Release|x64.Build.0 = Release|Any CPU
		{AC94B59B-20BF-4D14-A779-C6253E8861E7}.Release|x86.ActiveCfg = Release|Any CPU
		{AC94B59B-20BF-4D14-A779-C6253E8861E7}.Release|x86.Build.0 = Release|Any CPU
		{AA7A6579-6CCC-4D3A-A14C-836BA3053172}.Debug|Any CPU.ActiveCfg = Debug|Any CPU
		{AA7A6579-6CCC-4D3A-A14C-836BA3053172}.Debug|Any CPU.Build.0 = Debug|Any CPU
		{AA7A6579-6CCC-4D3A-A14C-836BA3053172}.Debug|x64.ActiveCfg = Debug|Any CPU
		{AA7A6579-6CCC-4D3A-A14C-836BA3053172}.Debug|x64.Build.0 = Debug|Any CPU
		{AA7A6579-6CCC-4D3A-A14C-836BA3053172}.Debug|x86.ActiveCfg = Debug|Any CPU
		{AA7A6579-6CCC-4D3A-A14C-836BA3053172}.Debug|x86.Build.0 = Debug|Any CPU
		{AA7A6579-6CCC-4D3A-A14C-836BA3053172}.Release|Any CPU.ActiveCfg = Release|Any CPU
		{AA7A6579-6CCC-4D3A-A14C-836BA3053172}.Release|Any CPU.Build.0 = Release|Any CPU
		{AA7A6579-6CCC-4D3A-A14C-836BA3053172}.Release|x64.ActiveCfg = Release|Any CPU
		{AA7A6579-6CCC-4D3A-A14C-836BA3053172}.Release|x64.Build.0 = Release|Any CPU
		{AA7A6579-6CCC-4D3A-A14C-836BA3053172}.Release|x86.ActiveCfg = Release|Any CPU
		{AA7A6579-6CCC-4D3A-A14C-836BA3053172}.Release|x86.Build.0 = Release|Any CPU
		{63961B78-0FAB-4915-8A1C-E0B720EBB85D}.Debug|Any CPU.ActiveCfg = Debug|Any CPU
		{63961B78-0FAB-4915-8A1C-E0B720EBB85D}.Debug|Any CPU.Build.0 = Debug|Any CPU
		{63961B78-0FAB-4915-8A1C-E0B720EBB85D}.Debug|x64.ActiveCfg = Debug|Any CPU
		{63961B78-0FAB-4915-8A1C-E0B720EBB85D}.Debug|x64.Build.0 = Debug|Any CPU
		{63961B78-0FAB-4915-8A1C-E0B720EBB85D}.Debug|x86.ActiveCfg = Debug|Any CPU
		{63961B78-0FAB-4915-8A1C-E0B720EBB85D}.Debug|x86.Build.0 = Debug|Any CPU
		{63961B78-0FAB-4915-8A1C-E0B720EBB85D}.Release|Any CPU.ActiveCfg = Release|Any CPU
		{63961B78-0FAB-4915-8A1C-E0B720EBB85D}.Release|Any CPU.Build.0 = Release|Any CPU
		{63961B78-0FAB-4915-8A1C-E0B720EBB85D}.Release|x64.ActiveCfg = Release|Any CPU
		{63961B78-0FAB-4915-8A1C-E0B720EBB85D}.Release|x64.Build.0 = Release|Any CPU
		{63961B78-0FAB-4915-8A1C-E0B720EBB85D}.Release|x86.ActiveCfg = Release|Any CPU
		{63961B78-0FAB-4915-8A1C-E0B720EBB85D}.Release|x86.Build.0 = Release|Any CPU
		{5A57AEA3-FD3A-463B-B9D4-1676C4B86DDB}.Debug|Any CPU.ActiveCfg = Debug|Any CPU
		{5A57AEA3-FD3A-463B-B9D4-1676C4B86DDB}.Debug|Any CPU.Build.0 = Debug|Any CPU
		{5A57AEA3-FD3A-463B-B9D4-1676C4B86DDB}.Debug|x64.ActiveCfg = Debug|Any CPU
		{5A57AEA3-FD3A-463B-B9D4-1676C4B86DDB}.Debug|x64.Build.0 = Debug|Any CPU
		{5A57AEA3-FD3A-463B-B9D4-1676C4B86DDB}.Debug|x86.ActiveCfg = Debug|Any CPU
		{5A57AEA3-FD3A-463B-B9D4-1676C4B86DDB}.Debug|x86.Build.0 = Debug|Any CPU
		{5A57AEA3-FD3A-463B-B9D4-1676C4B86DDB}.Release|Any CPU.ActiveCfg = Release|Any CPU
		{5A57AEA3-FD3A-463B-B9D4-1676C4B86DDB}.Release|Any CPU.Build.0 = Release|Any CPU
		{5A57AEA3-FD3A-463B-B9D4-1676C4B86DDB}.Release|x64.ActiveCfg = Release|Any CPU
		{5A57AEA3-FD3A-463B-B9D4-1676C4B86DDB}.Release|x64.Build.0 = Release|Any CPU
		{5A57AEA3-FD3A-463B-B9D4-1676C4B86DDB}.Release|x86.ActiveCfg = Release|Any CPU
		{5A57AEA3-FD3A-463B-B9D4-1676C4B86DDB}.Release|x86.Build.0 = Release|Any CPU
	EndGlobalSection
	GlobalSection(SolutionProperties) = preSolution
		HideSolutionNode = FALSE
	EndGlobalSection
	GlobalSection(NestedProjects) = preSolution
		{AA7A6579-6CCC-4D3A-A14C-836BA3053172} = {16E96995-6E46-497D-9DFF-AE169D1612C9}
		{63961B78-0FAB-4915-8A1C-E0B720EBB85D} = {16E96995-6E46-497D-9DFF-AE169D1612C9}
		{5A57AEA3-FD3A-463B-B9D4-1676C4B86DDB} = {16E96995-6E46-497D-9DFF-AE169D1612C9}
	EndGlobalSection
	GlobalSection(ExtensibilityGlobals) = postSolution
		SolutionGuid = {AF9BE338-9D07-448C-A723-BB2E26AA612A}
	EndGlobalSection
EndGlobal
