
Microsoft Visual Studio Solution File, Format Version 12.00
# Visual Studio Version 16
VisualStudioVersion = 16.6.30114.105
MinimumVisualStudioVersion = 10.0.40219.1
Project("{9A19103F-16F7-4668-BE54-9A1E7A4F7556}") = "R5T.D0075.Construction", "R5T.D0075.Construction\R5T.D0075.Construction.csproj", "{45851A4F-B80F-4E34-BDC5-839831300657}"
EndProject
Project("{9A19103F-16F7-4668-BE54-9A1E7A4F7556}") = "R5T.D0075.Base", "R5T.D0075.Base\R5T.D0075.Base.csproj", "{312CABFC-3BAB-4033-A747-F06656F2AE2C}"
EndProject
Project("{9A19103F-16F7-4668-BE54-9A1E7A4F7556}") = "R5T.D0075.Default", "R5T.D0075.Default\R5T.D0075.Default.csproj", "{AC94B59B-20BF-4D14-A779-C6253E8861E7}"
EndProject
Project("{2150E333-8FDC-42A3-9474-1A3956D46DE8}") = "_Dependencies", "_Dependencies", "{16E96995-6E46-497D-9DFF-AE169D1612C9}"
EndProject
Project("{9A19103F-16F7-4668-BE54-9A1E7A4F7556}") = "R5T.Dacia", "..\..\R5T.Dacia\source\R5T.Dacia\R5T.Dacia.csproj", "{AA7A6579-6CCC-4D3A-A14C-836BA3053172}"
EndProject
Project("{9A19103F-16F7-4668-BE54-9A1E7A4F7556}") = "R5T.Dacia.Extensions", "..\..\R5T.Dacia.Extensions\source\R5T.Dacia.Extensions\R5T.Dacia.Extensions.csproj", "{63961B78-0FAB-4915-8A1C-E0B720EBB85D}"
EndProject
Project("{9A19103F-16F7-4668-BE54-9A1E7A4F7556}") = "R5T.T0030", "..\..\R5T.T0030\source\R5T.T0030\R5T.T0030.csproj", "{5A57AEA3-FD3A-463B-B9D4-1676C4B86DDB}"
EndProject
Project("{9A19103F-16F7-4668-BE54-9A1E7A4F7556}") = "R5T.T0062.X001", "..\..\R5T.T0062\source\R5T.T0062.X001\R5T.T0062.X001.csproj", "{D510E7E0-BBF4-49E3-9C26-A8EEFB373850}"
EndProject
Project("{9A19103F-16F7-4668-BE54-9A1E7A4F7556}") = "R5T.T0064", "..\..\R5T.T0064\source\R5T.T0064\R5T.T0064.csproj", "{257335F0-C982-49F5-A587-55240FCFC34A}"
EndProject
Project("{9A19103F-16F7-4668-BE54-9A1E7A4F7556}") = "R5T.T0063", "..\..\R5T.T0063\source\R5T.T0063\R5T.T0063.csproj", "{588A0EEC-5D32-486E-AF75-F3B170FD6F57}"
EndProject
Project("{9A19103F-16F7-4668-BE54-9A1E7A4F7556}") = "R5T.L0013", "..\..\R5T.L0013\source\R5T.L0013\R5T.L0013.csproj", "{D8A9610B-350C-4C4A-9B0F-4D87A47296D8}"
EndProject
Project("{9A19103F-16F7-4668-BE54-9A1E7A4F7556}") = "R5T.T0062", "..\..\R5T.T0062\source\R5T.T0062\R5T.T0062.csproj", "{CCBAF1F9-6025-4329-853D-80E593151296}"
EndProject
Project("{9A19103F-16F7-4668-BE54-9A1E7A4F7556}") = "R5T.T0039.T002", "..\..\R5T.T0039\source\R5T.T0039.T002\R5T.T0039.T002.csproj", "{760AC3DE-1BE9-494A-89D4-832C0E4BFD23}"
EndProject
Project("{FAE04EC0-301F-11D3-BF4B-00C04F79EFBC}") = "R5T.D0075.T001", "R5T.D0075.T001\R5T.D0075.T001.csproj", "{FBFB17C7-774E-4F9A-B8DA-2817ED49EFA6}"
EndProject
Project("{FAE04EC0-301F-11D3-BF4B-00C04F79EFBC}") = "R5T.D0075.T001.X001", "R5T.D0075.T001.X001\R5T.D0075.T001.X001.csproj", "{49568248-924D-419B-8A37-AA56ACEDBA9A}"
EndProject
Project("{FAE04EC0-301F-11D3-BF4B-00C04F79EFBC}") = "R5T.D0075.X001", "R5T.D0075.X001\R5T.D0075.X001.csproj", "{76857023-53E2-4B73-AB87-64186B2C1903}"
EndProject
Global
	GlobalSection(SolutionConfigurationPlatforms) = preSolution
		Debug|Any CPU = Debug|Any CPU
		Debug|x64 = Debug|x64
		Debug|x86 = Debug|x86
		Release|Any CPU = Release|Any CPU
		Release|x64 = Release|x64
		Release|x86 = Release|x86
	EndGlobalSection
	GlobalSection(ProjectConfigurationPlatforms) = postSolution
		{45851A4F-B80F-4E34-BDC5-839831300657}.Debug|Any CPU.ActiveCfg = Debug|Any CPU
		{45851A4F-B80F-4E34-BDC5-839831300657}.Debug|Any CPU.Build.0 = Debug|Any CPU
		{45851A4F-B80F-4E34-BDC5-839831300657}.Debug|x64.ActiveCfg = Debug|Any CPU
		{45851A4F-B80F-4E34-BDC5-839831300657}.Debug|x64.Build.0 = Debug|Any CPU
		{45851A4F-B80F-4E34-BDC5-839831300657}.Debug|x86.ActiveCfg = Debug|Any CPU
		{45851A4F-B80F-4E34-BDC5-839831300657}.Debug|x86.Build.0 = Debug|Any CPU
		{45851A4F-B80F-4E34-BDC5-839831300657}.Release|Any CPU.ActiveCfg = Release|Any CPU
		{45851A4F-B80F-4E34-BDC5-839831300657}.Release|Any CPU.Build.0 = Release|Any CPU
		{45851A4F-B80F-4E34-BDC5-839831300657}.Release|x64.ActiveCfg = Release|Any CPU
		{45851A4F-B80F-4E34-BDC5-839831300657}.Release|x64.Build.0 = Release|Any CPU
		{45851A4F-B80F-4E34-BDC5-839831300657}.Release|x86.ActiveCfg = Release|Any CPU
		{45851A4F-B80F-4E34-BDC5-839831300657}.Release|x86.Build.0 = Release|Any CPU
		{312CABFC-3BAB-4033-A747-F06656F2AE2C}.Debug|Any CPU.ActiveCfg = Debug|Any CPU
		{312CABFC-3BAB-4033-A747-F06656F2AE2C}.Debug|Any CPU.Build.0 = Debug|Any CPU
		{312CABFC-3BAB-4033-A747-F06656F2AE2C}.Debug|x64.ActiveCfg = Debug|Any CPU
		{312CABFC-3BAB-4033-A747-F06656F2AE2C}.Debug|x64.Build.0 = Debug|Any CPU
		{312CABFC-3BAB-4033-A747-F06656F2AE2C}.Debug|x86.ActiveCfg = Debug|Any CPU
		{312CABFC-3BAB-4033-A747-F06656F2AE2C}.Debug|x86.Build.0 = Debug|Any CPU
		{312CABFC-3BAB-4033-A747-F06656F2AE2C}.Release|Any CPU.ActiveCfg = Release|Any CPU
		{312CABFC-3BAB-4033-A747-F06656F2AE2C}.Release|Any CPU.Build.0 = Release|Any CPU
		{312CABFC-3BAB-4033-A747-F06656F2AE2C}.Release|x64.ActiveCfg = Release|Any CPU
		{312CABFC-3BAB-4033-A747-F06656F2AE2C}.Release|x64.Build.0 = Release|Any CPU
		{312CABFC-3BAB-4033-A747-F06656F2AE2C}.Release|x86.ActiveCfg = Release|Any CPU
		{312CABFC-3BAB-4033-A747-F06656F2AE2C}.Release|x86.Build.0 = Release|Any CPU
		{AC94B59B-20BF-4D14-A779-C6253E8861E7}.Debug|Any CPU.ActiveCfg = Debug|Any CPU
		{AC94B59B-20BF-4D14-A779-C6253E8861E7}.Debug|Any CPU.Build.0 = Debug|Any CPU
		{AC94B59B-20BF-4D14-A779-C6253E8861E7}.Debug|x64.ActiveCfg = Debug|Any CPU
		{AC94B59B-20BF-4D14-A779-C6253E8861E7}.Debug|x64.Build.0 = Debug|Any CPU
		{AC94B59B-20BF-4D14-A779-C6253E8861E7}.Debug|x86.ActiveCfg = Debug|Any CPU
		{AC94B59B-20BF-4D14-A779-C6253E8861E7}.Debug|x86.Build.0 = Debug|Any CPU
		{AC94B59B-20BF-4D14-A779-C6253E8861E7}.Release|Any CPU.ActiveCfg = Release|Any CPU
		{AC94B59B-20BF-4D14-A779-C6253E8861E7}.Release|Any CPU.Build.0 = Release|Any CPU
		{AC94B59B-20BF-4D14-A779-C6253E8861E7}.Release|x64.ActiveCfg = Release|Any CPU
		{AC94B59B-20BF-4D14-A779-C6253E8861E7}.Release|x64.Build.0 = Release|Any CPU
		{AC94B59B-20BF-4D14-A779-C6253E8861E7}.Release|x86.ActiveCfg = Release|Any CPU
		{AC94B59B-20BF-4D14-A779-C6253E8861E7}.Release|x86.Build.0 = Release|Any CPU
		{AA7A6579-6CCC-4D3A-A14C-836BA3053172}.Debug|Any CPU.ActiveCfg = Debug|Any CPU
		{AA7A6579-6CCC-4D3A-A14C-836BA3053172}.Debug|Any CPU.Build.0 = Debug|Any CPU
		{AA7A6579-6CCC-4D3A-A14C-836BA3053172}.Debug|x64.ActiveCfg = Debug|Any CPU
		{AA7A6579-6CCC-4D3A-A14C-836BA3053172}.Debug|x64.Build.0 = Debug|Any CPU
		{AA7A6579-6CCC-4D3A-A14C-836BA3053172}.Debug|x86.ActiveCfg = Debug|Any CPU
		{AA7A6579-6CCC-4D3A-A14C-836BA3053172}.Debug|x86.Build.0 = Debug|Any CPU
		{AA7A6579-6CCC-4D3A-A14C-836BA3053172}.Release|Any CPU.ActiveCfg = Release|Any CPU
		{AA7A6579-6CCC-4D3A-A14C-836BA3053172}.Release|Any CPU.Build.0 = Release|Any CPU
		{AA7A6579-6CCC-4D3A-A14C-836BA3053172}.Release|x64.ActiveCfg = Release|Any CPU
		{AA7A6579-6CCC-4D3A-A14C-836BA3053172}.Release|x64.Build.0 = Release|Any CPU
		{AA7A6579-6CCC-4D3A-A14C-836BA3053172}.Release|x86.ActiveCfg = Release|Any CPU
		{AA7A6579-6CCC-4D3A-A14C-836BA3053172}.Release|x86.Build.0 = Release|Any CPU
		{63961B78-0FAB-4915-8A1C-E0B720EBB85D}.Debug|Any CPU.ActiveCfg = Debug|Any CPU
		{63961B78-0FAB-4915-8A1C-E0B720EBB85D}.Debug|Any CPU.Build.0 = Debug|Any CPU
		{63961B78-0FAB-4915-8A1C-E0B720EBB85D}.Debug|x64.ActiveCfg = Debug|Any CPU
		{63961B78-0FAB-4915-8A1C-E0B720EBB85D}.Debug|x64.Build.0 = Debug|Any CPU
		{63961B78-0FAB-4915-8A1C-E0B720EBB85D}.Debug|x86.ActiveCfg = Debug|Any CPU
		{63961B78-0FAB-4915-8A1C-E0B720EBB85D}.Debug|x86.Build.0 = Debug|Any CPU
		{63961B78-0FAB-4915-8A1C-E0B720EBB85D}.Release|Any CPU.ActiveCfg = Release|Any CPU
		{63961B78-0FAB-4915-8A1C-E0B720EBB85D}.Release|Any CPU.Build.0 = Release|Any CPU
		{63961B78-0FAB-4915-8A1C-E0B720EBB85D}.Release|x64.ActiveCfg = Release|Any CPU
		{63961B78-0FAB-4915-8A1C-E0B720EBB85D}.Release|x64.Build.0 = Release|Any CPU
		{63961B78-0FAB-4915-8A1C-E0B720EBB85D}.Release|x86.ActiveCfg = Release|Any CPU
		{63961B78-0FAB-4915-8A1C-E0B720EBB85D}.Release|x86.Build.0 = Release|Any CPU
		{5A57AEA3-FD3A-463B-B9D4-1676C4B86DDB}.Debug|Any CPU.ActiveCfg = Debug|Any CPU
		{5A57AEA3-FD3A-463B-B9D4-1676C4B86DDB}.Debug|Any CPU.Build.0 = Debug|Any CPU
		{5A57AEA3-FD3A-463B-B9D4-1676C4B86DDB}.Debug|x64.ActiveCfg = Debug|Any CPU
		{5A57AEA3-FD3A-463B-B9D4-1676C4B86DDB}.Debug|x64.Build.0 = Debug|Any CPU
		{5A57AEA3-FD3A-463B-B9D4-1676C4B86DDB}.Debug|x86.ActiveCfg = Debug|Any CPU
		{5A57AEA3-FD3A-463B-B9D4-1676C4B86DDB}.Debug|x86.Build.0 = Debug|Any CPU
		{5A57AEA3-FD3A-463B-B9D4-1676C4B86DDB}.Release|Any CPU.ActiveCfg = Release|Any CPU
		{5A57AEA3-FD3A-463B-B9D4-1676C4B86DDB}.Release|Any CPU.Build.0 = Release|Any CPU
		{5A57AEA3-FD3A-463B-B9D4-1676C4B86DDB}.Release|x64.ActiveCfg = Release|Any CPU
		{5A57AEA3-FD3A-463B-B9D4-1676C4B86DDB}.Release|x64.Build.0 = Release|Any CPU
		{5A57AEA3-FD3A-463B-B9D4-1676C4B86DDB}.Release|x86.ActiveCfg = Release|Any CPU
		{5A57AEA3-FD3A-463B-B9D4-1676C4B86DDB}.Release|x86.Build.0 = Release|Any CPU
		{D510E7E0-BBF4-49E3-9C26-A8EEFB373850}.Debug|Any CPU.ActiveCfg = Debug|Any CPU
		{D510E7E0-BBF4-49E3-9C26-A8EEFB373850}.Debug|Any CPU.Build.0 = Debug|Any CPU
		{D510E7E0-BBF4-49E3-9C26-A8EEFB373850}.Debug|x64.ActiveCfg = Debug|Any CPU
		{D510E7E0-BBF4-49E3-9C26-A8EEFB373850}.Debug|x64.Build.0 = Debug|Any CPU
		{D510E7E0-BBF4-49E3-9C26-A8EEFB373850}.Debug|x86.ActiveCfg = Debug|Any CPU
		{D510E7E0-BBF4-49E3-9C26-A8EEFB373850}.Debug|x86.Build.0 = Debug|Any CPU
		{D510E7E0-BBF4-49E3-9C26-A8EEFB373850}.Release|Any CPU.ActiveCfg = Release|Any CPU
		{D510E7E0-BBF4-49E3-9C26-A8EEFB373850}.Release|Any CPU.Build.0 = Release|Any CPU
		{D510E7E0-BBF4-49E3-9C26-A8EEFB373850}.Release|x64.ActiveCfg = Release|Any CPU
		{D510E7E0-BBF4-49E3-9C26-A8EEFB373850}.Release|x64.Build.0 = Release|Any CPU
		{D510E7E0-BBF4-49E3-9C26-A8EEFB373850}.Release|x86.ActiveCfg = Release|Any CPU
		{D510E7E0-BBF4-49E3-9C26-A8EEFB373850}.Release|x86.Build.0 = Release|Any CPU
		{257335F0-C982-49F5-A587-55240FCFC34A}.Debug|Any CPU.ActiveCfg = Debug|Any CPU
		{257335F0-C982-49F5-A587-55240FCFC34A}.Debug|Any CPU.Build.0 = Debug|Any CPU
		{257335F0-C982-49F5-A587-55240FCFC34A}.Debug|x64.ActiveCfg = Debug|Any CPU
		{257335F0-C982-49F5-A587-55240FCFC34A}.Debug|x64.Build.0 = Debug|Any CPU
		{257335F0-C982-49F5-A587-55240FCFC34A}.Debug|x86.ActiveCfg = Debug|Any CPU
		{257335F0-C982-49F5-A587-55240FCFC34A}.Debug|x86.Build.0 = Debug|Any CPU
		{257335F0-C982-49F5-A587-55240FCFC34A}.Release|Any CPU.ActiveCfg = Release|Any CPU
		{257335F0-C982-49F5-A587-55240FCFC34A}.Release|Any CPU.Build.0 = Release|Any CPU
		{257335F0-C982-49F5-A587-55240FCFC34A}.Release|x64.ActiveCfg = Release|Any CPU
		{257335F0-C982-49F5-A587-55240FCFC34A}.Release|x64.Build.0 = Release|Any CPU
		{257335F0-C982-49F5-A587-55240FCFC34A}.Release|x86.ActiveCfg = Release|Any CPU
		{257335F0-C982-49F5-A587-55240FCFC34A}.Release|x86.Build.0 = Release|Any CPU
		{588A0EEC-5D32-486E-AF75-F3B170FD6F57}.Debug|Any CPU.ActiveCfg = Debug|Any CPU
		{588A0EEC-5D32-486E-AF75-F3B170FD6F57}.Debug|Any CPU.Build.0 = Debug|Any CPU
		{588A0EEC-5D32-486E-AF75-F3B170FD6F57}.Debug|x64.ActiveCfg = Debug|Any CPU
		{588A0EEC-5D32-486E-AF75-F3B170FD6F57}.Debug|x64.Build.0 = Debug|Any CPU
		{588A0EEC-5D32-486E-AF75-F3B170FD6F57}.Debug|x86.ActiveCfg = Debug|Any CPU
		{588A0EEC-5D32-486E-AF75-F3B170FD6F57}.Debug|x86.Build.0 = Debug|Any CPU
		{588A0EEC-5D32-486E-AF75-F3B170FD6F57}.Release|Any CPU.ActiveCfg = Release|Any CPU
		{588A0EEC-5D32-486E-AF75-F3B170FD6F57}.Release|Any CPU.Build.0 = Release|Any CPU
		{588A0EEC-5D32-486E-AF75-F3B170FD6F57}.Release|x64.ActiveCfg = Release|Any CPU
		{588A0EEC-5D32-486E-AF75-F3B170FD6F57}.Release|x64.Build.0 = Release|Any CPU
		{588A0EEC-5D32-486E-AF75-F3B170FD6F57}.Release|x86.ActiveCfg = Release|Any CPU
		{588A0EEC-5D32-486E-AF75-F3B170FD6F57}.Release|x86.Build.0 = Release|Any CPU
		{D8A9610B-350C-4C4A-9B0F-4D87A47296D8}.Debug|Any CPU.ActiveCfg = Debug|Any CPU
		{D8A9610B-350C-4C4A-9B0F-4D87A47296D8}.Debug|Any CPU.Build.0 = Debug|Any CPU
		{D8A9610B-350C-4C4A-9B0F-4D87A47296D8}.Debug|x64.ActiveCfg = Debug|Any CPU
		{D8A9610B-350C-4C4A-9B0F-4D87A47296D8}.Debug|x64.Build.0 = Debug|Any CPU
		{D8A9610B-350C-4C4A-9B0F-4D87A47296D8}.Debug|x86.ActiveCfg = Debug|Any CPU
		{D8A9610B-350C-4C4A-9B0F-4D87A47296D8}.Debug|x86.Build.0 = Debug|Any CPU
		{D8A9610B-350C-4C4A-9B0F-4D87A47296D8}.Release|Any CPU.ActiveCfg = Release|Any CPU
		{D8A9610B-350C-4C4A-9B0F-4D87A47296D8}.Release|Any CPU.Build.0 = Release|Any CPU
		{D8A9610B-350C-4C4A-9B0F-4D87A47296D8}.Release|x64.ActiveCfg = Release|Any CPU
		{D8A9610B-350C-4C4A-9B0F-4D87A47296D8}.Release|x64.Build.0 = Release|Any CPU
		{D8A9610B-350C-4C4A-9B0F-4D87A47296D8}.Release|x86.ActiveCfg = Release|Any CPU
		{D8A9610B-350C-4C4A-9B0F-4D87A47296D8}.Release|x86.Build.0 = Release|Any CPU
		{CCBAF1F9-6025-4329-853D-80E593151296}.Debug|Any CPU.ActiveCfg = Debug|Any CPU
		{CCBAF1F9-6025-4329-853D-80E593151296}.Debug|Any CPU.Build.0 = Debug|Any CPU
		{CCBAF1F9-6025-4329-853D-80E593151296}.Debug|x64.ActiveCfg = Debug|Any CPU
		{CCBAF1F9-6025-4329-853D-80E593151296}.Debug|x64.Build.0 = Debug|Any CPU
		{CCBAF1F9-6025-4329-853D-80E593151296}.Debug|x86.ActiveCfg = Debug|Any CPU
		{CCBAF1F9-6025-4329-853D-80E593151296}.Debug|x86.Build.0 = Debug|Any CPU
		{CCBAF1F9-6025-4329-853D-80E593151296}.Release|Any CPU.ActiveCfg = Release|Any CPU
		{CCBAF1F9-6025-4329-853D-80E593151296}.Release|Any CPU.Build.0 = Release|Any CPU
		{CCBAF1F9-6025-4329-853D-80E593151296}.Release|x64.ActiveCfg = Release|Any CPU
		{CCBAF1F9-6025-4329-853D-80E593151296}.Release|x64.Build.0 = Release|Any CPU
		{CCBAF1F9-6025-4329-853D-80E593151296}.Release|x86.ActiveCfg = Release|Any CPU
		{CCBAF1F9-6025-4329-853D-80E593151296}.Release|x86.Build.0 = Release|Any CPU
		{760AC3DE-1BE9-494A-89D4-832C0E4BFD23}.Debug|Any CPU.ActiveCfg = Debug|Any CPU
		{760AC3DE-1BE9-494A-89D4-832C0E4BFD23}.Debug|Any CPU.Build.0 = Debug|Any CPU
		{760AC3DE-1BE9-494A-89D4-832C0E4BFD23}.Debug|x64.ActiveCfg = Debug|Any CPU
		{760AC3DE-1BE9-494A-89D4-832C0E4BFD23}.Debug|x64.Build.0 = Debug|Any CPU
		{760AC3DE-1BE9-494A-89D4-832C0E4BFD23}.Debug|x86.ActiveCfg = Debug|Any CPU
		{760AC3DE-1BE9-494A-89D4-832C0E4BFD23}.Debug|x86.Build.0 = Debug|Any CPU
		{760AC3DE-1BE9-494A-89D4-832C0E4BFD23}.Release|Any CPU.ActiveCfg = Release|Any CPU
		{760AC3DE-1BE9-494A-89D4-832C0E4BFD23}.Release|Any CPU.Build.0 = Release|Any CPU
		{760AC3DE-1BE9-494A-89D4-832C0E4BFD23}.Release|x64.ActiveCfg = Release|Any CPU
		{760AC3DE-1BE9-494A-89D4-832C0E4BFD23}.Release|x64.Build.0 = Release|Any CPU
		{760AC3DE-1BE9-494A-89D4-832C0E4BFD23}.Release|x86.ActiveCfg = Release|Any CPU
		{760AC3DE-1BE9-494A-89D4-832C0E4BFD23}.Release|x86.Build.0 = Release|Any CPU
		{FBFB17C7-774E-4F9A-B8DA-2817ED49EFA6}.Debug|Any CPU.ActiveCfg = Debug|Any CPU
		{FBFB17C7-774E-4F9A-B8DA-2817ED49EFA6}.Debug|Any CPU.Build.0 = Debug|Any CPU
		{FBFB17C7-774E-4F9A-B8DA-2817ED49EFA6}.Debug|x64.ActiveCfg = Debug|Any CPU
		{FBFB17C7-774E-4F9A-B8DA-2817ED49EFA6}.Debug|x64.Build.0 = Debug|Any CPU
		{FBFB17C7-774E-4F9A-B8DA-2817ED49EFA6}.Debug|x86.ActiveCfg = Debug|Any CPU
		{FBFB17C7-774E-4F9A-B8DA-2817ED49EFA6}.Debug|x86.Build.0 = Debug|Any CPU
		{FBFB17C7-774E-4F9A-B8DA-2817ED49EFA6}.Release|Any CPU.ActiveCfg = Release|Any CPU
		{FBFB17C7-774E-4F9A-B8DA-2817ED49EFA6}.Release|Any CPU.Build.0 = Release|Any CPU
		{FBFB17C7-774E-4F9A-B8DA-2817ED49EFA6}.Release|x64.ActiveCfg = Release|Any CPU
		{FBFB17C7-774E-4F9A-B8DA-2817ED49EFA6}.Release|x64.Build.0 = Release|Any CPU
		{FBFB17C7-774E-4F9A-B8DA-2817ED49EFA6}.Release|x86.ActiveCfg = Release|Any CPU
		{FBFB17C7-774E-4F9A-B8DA-2817ED49EFA6}.Release|x86.Build.0 = Release|Any CPU
		{49568248-924D-419B-8A37-AA56ACEDBA9A}.Debug|Any CPU.ActiveCfg = Debug|Any CPU
		{49568248-924D-419B-8A37-AA56ACEDBA9A}.Debug|Any CPU.Build.0 = Debug|Any CPU
		{49568248-924D-419B-8A37-AA56ACEDBA9A}.Debug|x64.ActiveCfg = Debug|Any CPU
		{49568248-924D-419B-8A37-AA56ACEDBA9A}.Debug|x64.Build.0 = Debug|Any CPU
		{49568248-924D-419B-8A37-AA56ACEDBA9A}.Debug|x86.ActiveCfg = Debug|Any CPU
		{49568248-924D-419B-8A37-AA56ACEDBA9A}.Debug|x86.Build.0 = Debug|Any CPU
		{49568248-924D-419B-8A37-AA56ACEDBA9A}.Release|Any CPU.ActiveCfg = Release|Any CPU
		{49568248-924D-419B-8A37-AA56ACEDBA9A}.Release|Any CPU.Build.0 = Release|Any CPU
		{49568248-924D-419B-8A37-AA56ACEDBA9A}.Release|x64.ActiveCfg = Release|Any CPU
		{49568248-924D-419B-8A37-AA56ACEDBA9A}.Release|x64.Build.0 = Release|Any CPU
		{49568248-924D-419B-8A37-AA56ACEDBA9A}.Release|x86.ActiveCfg = Release|Any CPU
		{49568248-924D-419B-8A37-AA56ACEDBA9A}.Release|x86.Build.0 = Release|Any CPU
		{76857023-53E2-4B73-AB87-64186B2C1903}.Debug|Any CPU.ActiveCfg = Debug|Any CPU
		{76857023-53E2-4B73-AB87-64186B2C1903}.Debug|Any CPU.Build.0 = Debug|Any CPU
		{76857023-53E2-4B73-AB87-64186B2C1903}.Debug|x64.ActiveCfg = Debug|Any CPU
		{76857023-53E2-4B73-AB87-64186B2C1903}.Debug|x64.Build.0 = Debug|Any CPU
		{76857023-53E2-4B73-AB87-64186B2C1903}.Debug|x86.ActiveCfg = Debug|Any CPU
		{76857023-53E2-4B73-AB87-64186B2C1903}.Debug|x86.Build.0 = Debug|Any CPU
		{76857023-53E2-4B73-AB87-64186B2C1903}.Release|Any CPU.ActiveCfg = Release|Any CPU
		{76857023-53E2-4B73-AB87-64186B2C1903}.Release|Any CPU.Build.0 = Release|Any CPU
		{76857023-53E2-4B73-AB87-64186B2C1903}.Release|x64.ActiveCfg = Release|Any CPU
		{76857023-53E2-4B73-AB87-64186B2C1903}.Release|x64.Build.0 = Release|Any CPU
		{76857023-53E2-4B73-AB87-64186B2C1903}.Release|x86.ActiveCfg = Release|Any CPU
		{76857023-53E2-4B73-AB87-64186B2C1903}.Release|x86.Build.0 = Release|Any CPU
	EndGlobalSection
	GlobalSection(SolutionProperties) = preSolution
		HideSolutionNode = FALSE
	EndGlobalSection
	GlobalSection(NestedProjects) = preSolution
		{AA7A6579-6CCC-4D3A-A14C-836BA3053172} = {16E96995-6E46-497D-9DFF-AE169D1612C9}
		{63961B78-0FAB-4915-8A1C-E0B720EBB85D} = {16E96995-6E46-497D-9DFF-AE169D1612C9}
		{5A57AEA3-FD3A-463B-B9D4-1676C4B86DDB} = {16E96995-6E46-497D-9DFF-AE169D1612C9}
		{D510E7E0-BBF4-49E3-9C26-A8EEFB373850} = {16E96995-6E46-497D-9DFF-AE169D1612C9}
		{257335F0-C982-49F5-A587-55240FCFC34A} = {16E96995-6E46-497D-9DFF-AE169D1612C9}
		{588A0EEC-5D32-486E-AF75-F3B170FD6F57} = {16E96995-6E46-497D-9DFF-AE169D1612C9}
		{D8A9610B-350C-4C4A-9B0F-4D87A47296D8} = {16E96995-6E46-497D-9DFF-AE169D1612C9}
		{CCBAF1F9-6025-4329-853D-80E593151296} = {16E96995-6E46-497D-9DFF-AE169D1612C9}
		{760AC3DE-1BE9-494A-89D4-832C0E4BFD23} = {16E96995-6E46-497D-9DFF-AE169D1612C9}
	EndGlobalSection
	GlobalSection(ExtensibilityGlobals) = postSolution
		SolutionGuid = {AF9BE338-9D07-448C-A723-BB2E26AA612A}
	EndGlobalSection
EndGlobal
